
Microsoft Visual Studio Solution File, Format Version 12.00
# Visual Studio Version 16
VisualStudioVersion = 16.0.810.22
MinimumVisualStudioVersion = 10.0.40219.1
Project("{FAE04EC0-301F-11D3-BF4B-00C04F79EFBC}") = "HyVong", "HyVong\HyVong.csproj", "{607C4D52-E5FF-4C2D-AB62-3A018B9EEFA6}"
EndProject
Global
	GlobalSection(SolutionConfigurationPlatforms) = preSolution
		Debug|Any CPU = Debug|Any CPU
		Release|Any CPU = Release|Any CPU
	EndGlobalSection
	GlobalSection(ProjectConfigurationPlatforms) = postSolution
		{607C4D52-E5FF-4C2D-AB62-3A018B9EEFA6}.Debug|Any CPU.ActiveCfg = Debug|Any CPU
		{607C4D52-E5FF-4C2D-AB62-3A018B9EEFA6}.Debug|Any CPU.Build.0 = Debug|Any CPU
		{607C4D52-E5FF-4C2D-AB62-3A018B9EEFA6}.Release|Any CPU.ActiveCfg = Release|Any CPU
		{607C4D52-E5FF-4C2D-AB62-3A018B9EEFA6}.Release|Any CPU.Build.0 = Release|Any CPU
	EndGlobalSection
	GlobalSection(SolutionProperties) = preSolution
		HideSolutionNode = FALSE
	EndGlobalSection
	GlobalSection(ExtensibilityGlobals) = postSolution
		SolutionGuid = {50E62CAF-0736-4B31-BA62-10CF629DB3E3}
	EndGlobalSection
EndGlobal
